<?xml version="1.0" encoding="utf-8"?>
<Project ToolsVersion="4.0" xmlns="http://schemas.microsoft.com/developer/msbuild/2003">
  <ItemGroup>
    <Filter Include="Resources">
      <UniqueIdentifier>{67DA6AB6-F800-4c08-8B7A-83BB121AAD01}</UniqueIdentifier>
      <Extensions>rc;ico;cur;bmp;dlg;rc2;rct;bin;rgs;gif;jpg;jpeg;jpe;resx;tiff;tif;png;wav;mfcribbon-ms</Extensions>
    </Filter>
    <Filter Include="Source">
      <UniqueIdentifier>{4FC737F1-C7A5-4376-A066-2A32D752A2FF}</UniqueIdentifier>
      <Extensions>cpp;c;cc;cxx;def;odl;idl;hpj;bat;asm;asmx</Extensions>
    </Filter>
    <Filter Include="Source\Platform_OSX">
      <UniqueIdentifier>{f736ba5c-204d-4427-9668-074ec091b056}</UniqueIdentifier>
    </Filter>
    <Filter Include="Source\Platform_Windows">
      <UniqueIdentifier>{7072ea51-7073-4a1f-b1f7-55c47a47cd5b}</UniqueIdentifier>
    </Filter>
    <Filter Include="Source\Platform_Linux">
      <UniqueIdentifier>{36cdeeb5-d92c-44fc-a4b9-69c826ff10e8}</UniqueIdentifier>
    </Filter>
    <Filter Include="Source\Utilities">
      <UniqueIdentifier>{626a1d8c-161b-4c93-96ad-3a854b0c3e2b}</UniqueIdentifier>
    </Filter>
    <Filter Include="Source\Utilities\CodeProfiler">
      <UniqueIdentifier>{4ee77a1f-bc1c-49a1-8001-de6362bb3a21}</UniqueIdentifier>
    </Filter>
    <Filter Include="Source\Utilities\Debugger">
      <UniqueIdentifier>{56453ddf-0956-4f10-8751-8c6e83962016}</UniqueIdentifier>
    </Filter>
    <Filter Include="Source\Window">
      <UniqueIdentifier>{388df729-0aa6-439a-b329-143b2f159b61}</UniqueIdentifier>
    </Filter>
    <Filter Include="Source\Game">
      <UniqueIdentifier>{91687cbb-5ca2-4560-be5c-924577bdcbed}</UniqueIdentifier>
    </Filter>
  </ItemGroup>
  <ItemGroup>
    <ClCompile Include="Source\main.cpp">
      <Filter>Source</Filter>
    </ClCompile>
    <ClCompile Include="Source\Platform_Windows\ResourcePath.cpp">
      <Filter>Source\Platform_Windows</Filter>
    </ClCompile>
    <ClCompile Include="Source\Game\IGame.cpp">
      <Filter>Source\Game</Filter>
    </ClCompile>
    <ClCompile Include="Source\Window\GameWindow.cpp">
      <Filter>Source\Window</Filter>
    </ClCompile>
  </ItemGroup>
  <ItemGroup>
    <ClInclude Include="Source\Platform_OSX\ResourcePath.hpp">
      <Filter>Source\Platform_OSX</Filter>
    </ClInclude>
    <ClInclude Include="Source\Platform_Windows\ResourcePath.h">
      <Filter>Source\Platform_Windows</Filter>
    </ClInclude>
    <ClInclude Include="Source\Game\IGame.h">
      <Filter>Source\Game</Filter>
    </ClInclude>
    <ClInclude Include="Source\Window\GameWindow.h">
      <Filter>Source\Window</Filter>
    </ClInclude>
    <ClInclude Include="Source\DS_Result.h">
      <Filter>Source</Filter>
    </ClInclude>
  </ItemGroup>
  <ItemGroup>
    <None Include="Source\Platform_OSX\ResourcePath.mm">
      <Filter>Source\Platform_OSX</Filter>
    </None>
  </ItemGroup>
</Project>