// !$*UTF8*$!
{
	archiveVersion = 1;
	classes = {
	};
	objectVersion = 46;
	objects = {

/* Begin PBXBuildFile section */
		0C5A8AB61A44ED9200F2A676 /* main.cpp in Sources */ = {isa = PBXBuildFile; fileRef = 0C5A8AB51A44ED9200F2A676 /* main.cpp */; };
		0CCA47B11A44F0F80078F249 /* ResourcePath.mm in Sources */ = {isa = PBXBuildFile; fileRef = 0CCA47B01A44F0F80078F249 /* ResourcePath.mm */; };
		0CCA54631A44F4080078F249 /* .gitkeep in Resources */ = {isa = PBXBuildFile; fileRef = 0CCA51A91A44F4060078F249 /* .gitkeep */; };
		0CCA54641A44F4080078F249 /* .gitkeep in Resources */ = {isa = PBXBuildFile; fileRef = 0CCA51AB1A44F4060078F249 /* .gitkeep */; };
		0CCA54651A44F4080078F249 /* nice_music.ogg in Resources */ = {isa = PBXBuildFile; fileRef = 0CCA51AC1A44F4060078F249 /* nice_music.ogg */; };
		0CCA54661A44F4080078F249 /* .gitkeep in Resources */ = {isa = PBXBuildFile; fileRef = 0CCA51AE1A44F4060078F249 /* .gitkeep */; };
		0CCA54671A44F4080078F249 /* .gitkeep in Resources */ = {isa = PBXBuildFile; fileRef = 0CCA51B01A44F4060078F249 /* .gitkeep */; };
		0CCA54681A44F4080078F249 /* Config.ini in Resources */ = {isa = PBXBuildFile; fileRef = 0CCA51B11A44F4060078F249 /* Config.ini */; };
		0CCA54691A44F4080078F249 /* .gitkeep in Resources */ = {isa = PBXBuildFile; fileRef = 0CCA51B31A44F4060078F249 /* .gitkeep */; };
		0CCA546A1A44F4080078F249 /* .gitkeep in Resources */ = {isa = PBXBuildFile; fileRef = 0CCA51B51A44F4060078F249 /* .gitkeep */; };
		0CCA546C1A44F4080078F249 /* .gitkeep in Resources */ = {isa = PBXBuildFile; fileRef = 0CCA51B91A44F4060078F249 /* .gitkeep */; };
		0CCA568D1A44F4090078F249 /* .gitkeep in Resources */ = {isa = PBXBuildFile; fileRef = 0CCA54501A44F4080078F249 /* .gitkeep */; };
		0CCA568E1A44F4090078F249 /* sansation.ttf in Resources */ = {isa = PBXBuildFile; fileRef = 0CCA54511A44F4080078F249 /* sansation.ttf */; };
		0CCA568F1A44F4090078F249 /* .gitkeep in Resources */ = {isa = PBXBuildFile; fileRef = 0CCA54531A44F4080078F249 /* .gitkeep */; };
		0CCA56901A44F4090078F249 /* Icon_0oS.ico in Resources */ = {isa = PBXBuildFile; fileRef = 0CCA54541A44F4080078F249 /* Icon_0oS.ico */; };
		0CCA56911A44F4090078F249 /* .gitkeep in Resources */ = {isa = PBXBuildFile; fileRef = 0CCA54561A44F4080078F249 /* .gitkeep */; };
		0CCA56921A44F4090078F249 /* DragonStone-Info.plist in Resources */ = {isa = PBXBuildFile; fileRef = 0CCA54571A44F4080078F249 /* DragonStone-Info.plist */; };
		0CCA56931A44F4090078F249 /* .gitkeep in Resources */ = {isa = PBXBuildFile; fileRef = 0CCA54591A44F4080078F249 /* .gitkeep */; };
		0CCA56941A44F4090078F249 /* .gitkeep in Resources */ = {isa = PBXBuildFile; fileRef = 0CCA545B1A44F4080078F249 /* .gitkeep */; };
		0CCA56951A44F4090078F249 /* cute_image.jpg in Resources */ = {isa = PBXBuildFile; fileRef = 0CCA545C1A44F4080078F249 /* cute_image.jpg */; };
		0CCA56961A44F4090078F249 /* Error.png in Resources */ = {isa = PBXBuildFile; fileRef = 0CCA545D1A44F4080078F249 /* Error.png */; };
		0CCA56971A44F4090078F249 /* icon.png in Resources */ = {isa = PBXBuildFile; fileRef = 0CCA545E1A44F4080078F249 /* icon.png */; };
		0CCA56981A44F4090078F249 /* .gitkeep in Resources */ = {isa = PBXBuildFile; fileRef = 0CCA54601A44F4080078F249 /* .gitkeep */; };
		0CCA56991A44F4090078F249 /* .gitkeep in Resources */ = {isa = PBXBuildFile; fileRef = 0CCA54621A44F4080078F249 /* .gitkeep */; };
/* End PBXBuildFile section */

/* Begin PBXFileReference section */
		0C5A8AAD1A44ED9200F2A676 /* DragonStone.app */ = {isa = PBXFileReference; explicitFileType = wrapper.application; includeInIndex = 0; path = DragonStone.app; sourceTree = BUILT_PRODUCTS_DIR; };
		0C5A8AB11A44ED9200F2A676 /* DragonStone-Info.plist */ = {isa = PBXFileReference; lastKnownFileType = text.plist.xml; name = "DragonStone-Info.plist"; path = "../../Resources/Engine/Plist/DragonStone-Info.plist"; sourceTree = SOURCE_ROOT; };
		0C5A8AB51A44ED9200F2A676 /* main.cpp */ = {isa = PBXFileReference; lastKnownFileType = sourcecode.cpp.cpp; name = main.cpp; path = ../../Source/main.cpp; sourceTree = SOURCE_ROOT; };
		0CCA47AF1A44F0F80078F249 /* ResourcePath.hpp */ = {isa = PBXFileReference; fileEncoding = 4; lastKnownFileType = sourcecode.cpp.h; path = ResourcePath.hpp; sourceTree = "<group>"; };
		0CCA47B01A44F0F80078F249 /* ResourcePath.mm */ = {isa = PBXFileReference; fileEncoding = 4; lastKnownFileType = sourcecode.cpp.objcpp; path = ResourcePath.mm; sourceTree = "<group>"; };
		0CCA51A91A44F4060078F249 /* .gitkeep */ = {isa = PBXFileReference; fileEncoding = 4; lastKnownFileType = text; path = .gitkeep; sourceTree = "<group>"; };
		0CCA51AB1A44F4060078F249 /* .gitkeep */ = {isa = PBXFileReference; fileEncoding = 4; lastKnownFileType = text; path = .gitkeep; sourceTree = "<group>"; };
		0CCA51AC1A44F4060078F249 /* nice_music.ogg */ = {isa = PBXFileReference; lastKnownFileType = file; path = nice_music.ogg; sourceTree = "<group>"; };
		0CCA51AE1A44F4060078F249 /* .gitkeep */ = {isa = PBXFileReference; fileEncoding = 4; lastKnownFileType = text; path = .gitkeep; sourceTree = "<group>"; };
		0CCA51B01A44F4060078F249 /* .gitkeep */ = {isa = PBXFileReference; fileEncoding = 4; lastKnownFileType = text; path = .gitkeep; sourceTree = "<group>"; };
		0CCA51B11A44F4060078F249 /* Config.ini */ = {isa = PBXFileReference; fileEncoding = 4; lastKnownFileType = text; path = Config.ini; sourceTree = "<group>"; };
		0CCA51B31A44F4060078F249 /* .gitkeep */ = {isa = PBXFileReference; fileEncoding = 4; lastKnownFileType = text; path = .gitkeep; sourceTree = "<group>"; };
		0CCA51B51A44F4060078F249 /* .gitkeep */ = {isa = PBXFileReference; fileEncoding = 4; lastKnownFileType = text; path = .gitkeep; sourceTree = "<group>"; };
		0CCA51B91A44F4060078F249 /* .gitkeep */ = {isa = PBXFileReference; fileEncoding = 4; lastKnownFileType = text; path = .gitkeep; sourceTree = "<group>"; };
		0CCA54501A44F4080078F249 /* .gitkeep */ = {isa = PBXFileReference; fileEncoding = 4; lastKnownFileType = text; path = .gitkeep; sourceTree = "<group>"; };
		0CCA54511A44F4080078F249 /* sansation.ttf */ = {isa = PBXFileReference; lastKnownFileType = file; path = sansation.ttf; sourceTree = "<group>"; };
		0CCA54531A44F4080078F249 /* .gitkeep */ = {isa = PBXFileReference; fileEncoding = 4; lastKnownFileType = text; path = .gitkeep; sourceTree = "<group>"; };
		0CCA54541A44F4080078F249 /* Icon_0oS.ico */ = {isa = PBXFileReference; lastKnownFileType = image.ico; path = Icon_0oS.ico; sourceTree = "<group>"; };
		0CCA54561A44F4080078F249 /* .gitkeep */ = {isa = PBXFileReference; fileEncoding = 4; lastKnownFileType = text; path = .gitkeep; sourceTree = "<group>"; };
		0CCA54571A44F4080078F249 /* DragonStone-Info.plist */ = {isa = PBXFileReference; fileEncoding = 4; lastKnownFileType = text.plist.xml; path = "DragonStone-Info.plist"; sourceTree = "<group>"; };
		0CCA54591A44F4080078F249 /* .gitkeep */ = {isa = PBXFileReference; fileEncoding = 4; lastKnownFileType = text; path = .gitkeep; sourceTree = "<group>"; };
		0CCA545B1A44F4080078F249 /* .gitkeep */ = {isa = PBXFileReference; fileEncoding = 4; lastKnownFileType = text; path = .gitkeep; sourceTree = "<group>"; };
		0CCA545C1A44F4080078F249 /* cute_image.jpg */ = {isa = PBXFileReference; lastKnownFileType = image.jpeg; path = cute_image.jpg; sourceTree = "<group>"; };
		0CCA545D1A44F4080078F249 /* Error.png */ = {isa = PBXFileReference; lastKnownFileType = image.png; path = Error.png; sourceTree = "<group>"; };
		0CCA545E1A44F4080078F249 /* icon.png */ = {isa = PBXFileReference; lastKnownFileType = image.png; path = icon.png; sourceTree = "<group>"; };
		0CCA54601A44F4080078F249 /* .gitkeep */ = {isa = PBXFileReference; fileEncoding = 4; lastKnownFileType = text; path = .gitkeep; sourceTree = "<group>"; };
		0CCA54621A44F4080078F249 /* .gitkeep */ = {isa = PBXFileReference; fileEncoding = 4; lastKnownFileType = text; path = .gitkeep; sourceTree = "<group>"; };
/* End PBXFileReference section */

/* Begin PBXFrameworksBuildPhase section */
		0C5A8AA91A44ED9200F2A676 /* Frameworks */ = {
			isa = PBXFrameworksBuildPhase;
			buildActionMask = 2147483647;
			files = (
			);
			runOnlyForDeploymentPostprocessing = 0;
		};
/* End PBXFrameworksBuildPhase section */

/* Begin PBXGroup section */
		0C5A8AA31A44ED9200F2A676 = {
			isa = PBXGroup;
			children = (
				0C5A8AAF1A44ED9200F2A676 /* DragonStone */,
				0C5A8AAE1A44ED9200F2A676 /* Products */,
			);
			sourceTree = "<group>";
		};
		0C5A8AAE1A44ED9200F2A676 /* Products */ = {
			isa = PBXGroup;
			children = (
				0C5A8AAD1A44ED9200F2A676 /* DragonStone.app */,
			);
			name = Products;
			sourceTree = "<group>";
		};
		0C5A8AAF1A44ED9200F2A676 /* DragonStone */ = {
			isa = PBXGroup;
			children = (
				0CCA51A71A44F3EE0078F249 /* Resources */,
				0CCA47A71A44EE570078F249 /* Utilities */,
				0CCA47A61A44EE520078F249 /* Game */,
				0CCA47A51A44EE490078F249 /* Engine */,
				0C5A8AB51A44ED9200F2A676 /* main.cpp */,
				0C5A8AB01A44ED9200F2A676 /* Supporting Files */,
			);
			path = DragonStone;
			sourceTree = "<group>";
		};
		0C5A8AB01A44ED9200F2A676 /* Supporting Files */ = {
			isa = PBXGroup;
			children = (
				0C5A8AB11A44ED9200F2A676 /* DragonStone-Info.plist */,
			);
			name = "Supporting Files";
			sourceTree = "<group>";
		};
		0CCA47A51A44EE490078F249 /* Engine */ = {
			isa = PBXGroup;
			children = (
				0CCA47AD1A44F0500078F249 /* Platform */,
			);
			name = Engine;
			sourceTree = "<group>";
		};
		0CCA47A61A44EE520078F249 /* Game */ = {
			isa = PBXGroup;
			children = (
			);
			name = Game;
			sourceTree = "<group>";
		};
		0CCA47A71A44EE570078F249 /* Utilities */ = {
			isa = PBXGroup;
			children = (
			);
			name = Utilities;
			sourceTree = "<group>";
		};
		0CCA47AD1A44F0500078F249 /* Platform */ = {
			isa = PBXGroup;
			children = (
				0CCA47AE1A44F0D20078F249 /* OSX */,
			);
			name = Platform;
			sourceTree = "<group>";
		};
		0CCA47AE1A44F0D20078F249 /* OSX */ = {
			isa = PBXGroup;
			children = (
				0CCA47AF1A44F0F80078F249 /* ResourcePath.hpp */,
				0CCA47B01A44F0F80078F249 /* ResourcePath.mm */,
			);
			name = OSX;
			path = ../../Source/Engine/Platform/OSX;
			sourceTree = SOURCE_ROOT;
		};
		0CCA51A71A44F3EE0078F249 /* Resources */ = {
			isa = PBXGroup;
			children = (
				0CCA51A81A44F4060078F249 /* Engine */,
				0CCA545F1A44F4080078F249 /* Game */,
			);
			name = Resources;
			path = ../../Resources;
			sourceTree = SOURCE_ROOT;
		};
		0CCA51A81A44F4060078F249 /* Engine */ = {
			isa = PBXGroup;
			children = (
				0CCA51A91A44F4060078F249 /* .gitkeep */,
				0CCA51AA1A44F4060078F249 /* Audio */,
				0CCA51AD1A44F4060078F249 /* Data */,
				0CCA51B41A44F4060078F249 /* External Libraries */,
				0CCA544F1A44F4080078F249 /* Fonts */,
				0CCA54521A44F4080078F249 /* Icons */,
				0CCA54551A44F4080078F249 /* Plist */,
				0CCA54581A44F4080078F249 /* Shaders */,
				0CCA545A1A44F4080078F249 /* Textures */,
			);
			path = Engine;
			sourceTree = "<group>";
		};
		0CCA51AA1A44F4060078F249 /* Audio */ = {
			isa = PBXGroup;
			children = (
				0CCA51AB1A44F4060078F249 /* .gitkeep */,
				0CCA51AC1A44F4060078F249 /* nice_music.ogg */,
			);
			path = Audio;
			sourceTree = "<group>";
		};
		0CCA51AD1A44F4060078F249 /* Data */ = {
			isa = PBXGroup;
			children = (
				0CCA51AE1A44F4060078F249 /* .gitkeep */,
				0CCA51AF1A44F4060078F249 /* CodeProfiler */,
				0CCA51B11A44F4060078F249 /* Config.ini */,
				0CCA51B21A44F4060078F249 /* Debugger */,
			);
			path = Data;
			sourceTree = "<group>";
		};
		0CCA51AF1A44F4060078F249 /* CodeProfiler */ = {
			isa = PBXGroup;
			children = (
				0CCA51B01A44F4060078F249 /* .gitkeep */,
			);
			path = CodeProfiler;
			sourceTree = "<group>";
		};
		0CCA51B21A44F4060078F249 /* Debugger */ = {
			isa = PBXGroup;
			children = (
				0CCA51B31A44F4060078F249 /* .gitkeep */,
			);
			path = Debugger;
			sourceTree = "<group>";
		};
		0CCA51B41A44F4060078F249 /* External Libraries */ = {
			isa = PBXGroup;
			children = (
				0CCA51B51A44F4060078F249 /* .gitkeep */,
				0CCA51B81A44F4060078F249 /* SFML_Mac OSX */,
			);
			path = "External Libraries";
			sourceTree = "<group>";
		};
		0CCA51B81A44F4060078F249 /* SFML_Mac OSX */ = {
			isa = PBXGroup;
			children = (
				0CCA51B91A44F4060078F249 /* .gitkeep */,
			);
			path = "SFML_Mac OSX";
			sourceTree = "<group>";
		};
		0CCA544F1A44F4080078F249 /* Fonts */ = {
			isa = PBXGroup;
			children = (
				0CCA54501A44F4080078F249 /* .gitkeep */,
				0CCA54511A44F4080078F249 /* sansation.ttf */,
			);
			path = Fonts;
			sourceTree = "<group>";
		};
		0CCA54521A44F4080078F249 /* Icons */ = {
			isa = PBXGroup;
			children = (
				0CCA54531A44F4080078F249 /* .gitkeep */,
				0CCA54541A44F4080078F249 /* Icon_0oS.ico */,
			);
			path = Icons;
			sourceTree = "<group>";
		};
		0CCA54551A44F4080078F249 /* Plist */ = {
			isa = PBXGroup;
			children = (
				0CCA54561A44F4080078F249 /* .gitkeep */,
				0CCA54571A44F4080078F249 /* DragonStone-Info.plist */,
			);
			path = Plist;
			sourceTree = "<group>";
		};
		0CCA54581A44F4080078F249 /* Shaders */ = {
			isa = PBXGroup;
			children = (
				0CCA54591A44F4080078F249 /* .gitkeep */,
			);
			path = Shaders;
			sourceTree = "<group>";
		};
		0CCA545A1A44F4080078F249 /* Textures */ = {
			isa = PBXGroup;
			children = (
				0CCA545B1A44F4080078F249 /* .gitkeep */,
				0CCA545C1A44F4080078F249 /* cute_image.jpg */,
				0CCA545D1A44F4080078F249 /* Error.png */,
				0CCA545E1A44F4080078F249 /* icon.png */,
			);
			path = Textures;
			sourceTree = "<group>";
		};
		0CCA545F1A44F4080078F249 /* Game */ = {
			isa = PBXGroup;
			children = (
				0CCA54601A44F4080078F249 /* .gitkeep */,
				0CCA54611A44F4080078F249 /* GameJam2014 */,
			);
			path = Game;
			sourceTree = "<group>";
		};
		0CCA54611A44F4080078F249 /* GameJam2014 */ = {
			isa = PBXGroup;
			children = (
				0CCA54621A44F4080078F249 /* .gitkeep */,
			);
			path = GameJam2014;
			sourceTree = "<group>";
		};
/* End PBXGroup section */

/* Begin PBXNativeTarget section */
		0C5A8AAC1A44ED9200F2A676 /* DragonStone */ = {
			isa = PBXNativeTarget;
			buildConfigurationList = 0C5A8AC21A44ED9300F2A676 /* Build configuration list for PBXNativeTarget "DragonStone" */;
			buildPhases = (
				0C5A8AA81A44ED9200F2A676 /* Sources */,
				0C5A8AA91A44ED9200F2A676 /* Frameworks */,
				0C5A8AAA1A44ED9200F2A676 /* Resources */,
				0C5A8AAB1A44ED9200F2A676 /* ShellScript */,
			);
			buildRules = (
			);
			dependencies = (
			);
			name = DragonStone;
			productName = DragonStone;
			productReference = 0C5A8AAD1A44ED9200F2A676 /* DragonStone.app */;
			productType = "com.apple.product-type.application";
		};
/* End PBXNativeTarget section */

/* Begin PBXProject section */
		0C5A8AA41A44ED9200F2A676 /* Project object */ = {
			isa = PBXProject;
			attributes = {
				LastUpgradeCheck = 0610;
				ORGANIZATIONNAME = "Redacted Games";
				TargetAttributes = {
					0C5A8AAC1A44ED9200F2A676 = {
						CreatedOnToolsVersion = 6.1.1;
					};
				};
			};
			buildConfigurationList = 0C5A8AA71A44ED9200F2A676 /* Build configuration list for PBXProject "DragonStone" */;
			compatibilityVersion = "Xcode 3.2";
			developmentRegion = English;
			hasScannedForEncodings = 0;
			knownRegions = (
				en,
			);
			mainGroup = 0C5A8AA31A44ED9200F2A676;
			productRefGroup = 0C5A8AAE1A44ED9200F2A676 /* Products */;
			projectDirPath = "";
			projectRoot = "";
			targets = (
				0C5A8AAC1A44ED9200F2A676 /* DragonStone */,
			);
		};
/* End PBXProject section */

/* Begin PBXResourcesBuildPhase section */
		0C5A8AAA1A44ED9200F2A676 /* Resources */ = {
			isa = PBXResourcesBuildPhase;
			buildActionMask = 2147483647;
			files = (
				0CCA56981A44F4090078F249 /* .gitkeep in Resources */,
				0CCA54651A44F4080078F249 /* nice_music.ogg in Resources */,
				0CCA56941A44F4090078F249 /* .gitkeep in Resources */,
				0CCA568E1A44F4090078F249 /* sansation.ttf in Resources */,
				0CCA56961A44F4090078F249 /* Error.png in Resources */,
				0CCA54631A44F4080078F249 /* .gitkeep in Resources */,
				0CCA56991A44F4090078F249 /* .gitkeep in Resources */,
				0CCA568F1A44F4090078F249 /* .gitkeep in Resources */,
				0CCA56901A44F4090078F249 /* Icon_0oS.ico in Resources */,
				0CCA56911A44F4090078F249 /* .gitkeep in Resources */,
				0CCA56931A44F4090078F249 /* .gitkeep in Resources */,
				0CCA54681A44F4080078F249 /* Config.ini in Resources */,
				0CCA54671A44F4080078F249 /* .gitkeep in Resources */,
				0CCA54641A44F4080078F249 /* .gitkeep in Resources */,
				0CCA54661A44F4080078F249 /* .gitkeep in Resources */,
				0CCA56971A44F4090078F249 /* icon.png in Resources */,
				0CCA568D1A44F4090078F249 /* .gitkeep in Resources */,
				0CCA546C1A44F4080078F249 /* .gitkeep in Resources */,
				0CCA54691A44F4080078F249 /* .gitkeep in Resources */,
				0CCA56921A44F4090078F249 /* DragonStone-Info.plist in Resources */,
				0CCA56951A44F4090078F249 /* cute_image.jpg in Resources */,
				0CCA546A1A44F4080078F249 /* .gitkeep in Resources */,
			);
			runOnlyForDeploymentPostprocessing = 0;
		};
/* End PBXResourcesBuildPhase section */

/* Begin PBXShellScriptBuildPhase section */
		0C5A8AAB1A44ED9200F2A676 /* ShellScript */ = {
			isa = PBXShellScriptBuildPhase;
			buildActionMask = 2147483647;
			files = (
			);
			inputPaths = (
			);
			outputPaths = (
			);
			runOnlyForDeploymentPostprocessing = 0;
			shellPath = /bin/sh;
			shellScript = "# This shell script simply copies required SFML dylibs/frameworks into the application bundle frameworks folder.\n# If you're using static libraries (which is not recommended) you should remove this script from your project.\n\n# Are we building a project that uses frameworks or dylibs?\ncase \"$SFML_BINARY_TYPE\" in\n    DYLIBS)\n        frameworks=\"false\"\n        ;;\n    *)\n        frameworks=\"true\"\n        ;;\nesac\n\n# Echoes to stderr\nerror () # $* message to display\n{\n    echo $* 1>&2\n    exit 2\n}\n\nassert () # $1 is a boolean, $2...N is an error message\n{\n    if [ $# -lt 2 ]\n    then\n        error \"Internal error in assert : not enough args\"\n    fi\n\n    if [ $1 -ne 0 ]\n    then\n        shift\n        error \"$*\"\n    fi\n}\n\nforce_remove () # $@ is some paths\n{\n    test $# -ge 1\n    assert $? \"force_remove() requires at least one parameter\"\n    rm -fr $@\n    assert $? \"couldn't remove $@\"\n}\n\ncopy () # $1 is a source, $2 is a destination\n{\n    test $# -eq 2\n    assert $? \"copy() requires two parameters\"\n    ditto \"$1\" \"$2\"\n    assert $? \"couldn't copy $1 to $2\"\n}\n\nrequire () # $1 is a SFML module like 'system' or 'audio'\n{\n    dest=\"$BUILT_PRODUCTS_DIR/$PRODUCT_NAME.app/Contents/Frameworks\"\n\n    if [ -z \"$1\" ]\n    then\n        error \"require() requires one parameter!\"\n    else\n        # clean potentially old stuff\n        force_remove \"$dest/libsfml-$1\"*\n        force_remove \"$dest/sfml-$1.framework\"\n\n        # copy SFML libraries\n        if [ \"$frameworks\" = \"true\" ]\n        then\n            source=\"/Library/Frameworks/sfml-$1.framework\"\n            target=\"sfml-$1.framework\"\n        elif [ \"$SFML_LINK_DYLIBS_SUFFIX\" = \"-d\" ]\n        then\n            source=\"/usr/local/lib/libsfml-$1-d.dylib\"\n            target=\"`readlink $source`\"\n        else\n            source=\"/usr/local/lib/libsfml-$1.dylib\"\n            target=\"`readlink $source`\"\n        fi\n\n        copy \"$source\" \"$dest/$target\"\n\n        # copy extra dependencies\n        if [ \"$1\" = \"audio\" ]\n        then\n            # copy sndfile framework too\n            copy \"/Library/Frameworks/sndfile.framework\" \"$dest/sndfile.framework\"\n        elif [ \"$1\" = \"graphics\" ]\n        then\n            # copy freetype framework too\n            copy \"/Library/Frameworks/freetype.framework\" \"$dest/freetype.framework\"\n        fi\n    fi\n}\n\nif [ -n \"$SFML_SYSTEM\" ]\nthen\n    require \"system\"\nfi\n\nif [ -n \"$SFML_AUDIO\" ]\nthen\n    require \"audio\"\nfi\n\nif [ -n \"$SFML_NETWORK\" ]\nthen\n    require \"network\"\nfi\n\nif [ -n \"$SFML_WINDOW\" ]\nthen\n    require \"window\"\nfi\n\nif [ -n \"$SFML_GRAPHICS\" ]\nthen\n    require \"graphics\"\nfi\n\n                ";
		};
/* End PBXShellScriptBuildPhase section */

/* Begin PBXSourcesBuildPhase section */
		0C5A8AA81A44ED9200F2A676 /* Sources */ = {
			isa = PBXSourcesBuildPhase;
			buildActionMask = 2147483647;
			files = (
				0CCA47B11A44F0F80078F249 /* ResourcePath.mm in Sources */,
				0C5A8AB61A44ED9200F2A676 /* main.cpp in Sources */,
			);
			runOnlyForDeploymentPostprocessing = 0;
		};
/* End PBXSourcesBuildPhase section */

/* Begin XCBuildConfiguration section */
		0C5A8AC01A44ED9300F2A676 /* Debug */ = {
			isa = XCBuildConfiguration;
			buildSettings = {
				ARCHS = (
					i386,
					x86_64,
				);
				CLANG_CXX_LANGUAGE_STANDARD = "c++0x";
				CLANG_CXX_LIBRARY = "libc++";
				FRAMEWORK_SEARCH_PATHS = (
					/Library/Frameworks/,
					"$(inherited)",
				);
				GCC_VERSION = com.apple.compilers.llvm.clang.1_0;
				HEADER_SEARCH_PATHS = (
					/usr/local/include/,
					"$(inherited)",
				);
				LIBRARY_SEARCH_PATHS = (
					/usr/local/lib/,
					"$(inherited)",
				);
				MACOSX_DEPLOYMENT_TARGET = 10.7;
				OTHER_LDFLAGS = (
					"$(inherited)",
					"$(SFML_SYSTEM)",
					"$(SFML_WINDOW)",
					"$(SFML_GRAPHICS)",
					"$(SFML_AUDIO)",
					"$(SFML_NETWORK)",
				);
				SFML_AUDIO = "$(SFML_LINK_PREFIX) sfml-audio$(SFML_LINK_SUFFIX)";
				SFML_BINARY_TYPE = FRAMEWORKS;
				SFML_GRAPHICS = "$(SFML_LINK_PREFIX) sfml-graphics$(SFML_LINK_SUFFIX)";
				SFML_LINK_DYLIBS_PREFIX = "-l";
				SFML_LINK_DYLIBS_SUFFIX = "";
				SFML_LINK_FRAMEWORKS_PREFIX = "-framework";
				SFML_LINK_FRAMEWORKS_SUFFIX = "";
				SFML_LINK_PREFIX = "$(SFML_LINK_$(SFML_BINARY_TYPE)_PREFIX)";
				SFML_LINK_SUFFIX = "$(SFML_LINK_$(SFML_BINARY_TYPE)_SUFFIX)";
				SFML_NETWORK = "$(SFML_LINK_PREFIX) sfml-network$(SFML_LINK_SUFFIX)";
				SFML_SYSTEM = "$(SFML_LINK_PREFIX) sfml-system$(SFML_LINK_SUFFIX)";
				SFML_WINDOW = "$(SFML_LINK_PREFIX) sfml-window$(SFML_LINK_SUFFIX)";
				SUPPORTED_PLATFORMS = macosx;
			};
			name = Debug;
		};
		0C5A8AC11A44ED9300F2A676 /* Release */ = {
			isa = XCBuildConfiguration;
			buildSettings = {
				ARCHS = (
					i386,
					x86_64,
				);
				CLANG_CXX_LANGUAGE_STANDARD = "c++0x";
				CLANG_CXX_LIBRARY = "libc++";
				FRAMEWORK_SEARCH_PATHS = (
					/Library/Frameworks/,
					"$(inherited)",
				);
				GCC_VERSION = com.apple.compilers.llvm.clang.1_0;
				HEADER_SEARCH_PATHS = (
					/usr/local/include/,
					"$(inherited)",
				);
				LIBRARY_SEARCH_PATHS = (
					/usr/local/lib/,
					"$(inherited)",
				);
				MACOSX_DEPLOYMENT_TARGET = 10.7;
				OTHER_LDFLAGS = (
					"$(inherited)",
					"$(SFML_SYSTEM)",
					"$(SFML_WINDOW)",
					"$(SFML_GRAPHICS)",
					"$(SFML_AUDIO)",
					"$(SFML_NETWORK)",
				);
				SFML_AUDIO = "$(SFML_LINK_PREFIX) sfml-audio$(SFML_LINK_SUFFIX)";
				SFML_BINARY_TYPE = FRAMEWORKS;
				SFML_GRAPHICS = "$(SFML_LINK_PREFIX) sfml-graphics$(SFML_LINK_SUFFIX)";
				SFML_LINK_DYLIBS_PREFIX = "-l";
				SFML_LINK_DYLIBS_SUFFIX = "";
				SFML_LINK_FRAMEWORKS_PREFIX = "-framework";
				SFML_LINK_FRAMEWORKS_SUFFIX = "";
				SFML_LINK_PREFIX = "$(SFML_LINK_$(SFML_BINARY_TYPE)_PREFIX)";
				SFML_LINK_SUFFIX = "$(SFML_LINK_$(SFML_BINARY_TYPE)_SUFFIX)";
				SFML_NETWORK = "$(SFML_LINK_PREFIX) sfml-network$(SFML_LINK_SUFFIX)";
				SFML_SYSTEM = "$(SFML_LINK_PREFIX) sfml-system$(SFML_LINK_SUFFIX)";
				SFML_WINDOW = "$(SFML_LINK_PREFIX) sfml-window$(SFML_LINK_SUFFIX)";
				SUPPORTED_PLATFORMS = macosx;
			};
			name = Release;
		};
		0C5A8AC31A44ED9300F2A676 /* Debug */ = {
			isa = XCBuildConfiguration;
			buildSettings = {
				INFOPLIST_FILE = "../../Resources/Engine/Plist/DragonStone-Info.plist";
				LD_RUNPATH_SEARCH_PATHS = "@loader_path/../Frameworks";
				LIBRARY_SEARCH_PATHS = (
					"$(inherited)",
					/Users/jpdeathblade/Dropbox/Local,
					Disk_JpDeathBlade/0,
					of,
					"Spades/C++/DragonStone/Resources/Engine/External",
					Libraries/SFML_Windows/32bit/lib,
					/Users/jpdeathblade/Dropbox/Local,
					Disk_JpDeathBlade/0,
					of,
					"Spades/C++/DragonStone/Resources/Engine/External",
					"Libraries/SFML_Windows/32bit/lib/static-std",
				);
				PRODUCT_NAME = "$(TARGET_NAME)";
			};
			name = Debug;
		};
		0C5A8AC41A44ED9300F2A676 /* Release */ = {
			isa = XCBuildConfiguration;
			buildSettings = {
				INFOPLIST_FILE = "../../Resources/Engine/Plist/DragonStone-Info.plist";
				LD_RUNPATH_SEARCH_PATHS = "@loader_path/../Frameworks";
				LIBRARY_SEARCH_PATHS = (
					"$(inherited)",
					/Users/jpdeathblade/Dropbox/Local,
					Disk_JpDeathBlade/0,
					of,
					"Spades/C++/DragonStone/Resources/Engine/External",
					Libraries/SFML_Windows/32bit/lib,
					/Users/jpdeathblade/Dropbox/Local,
					Disk_JpDeathBlade/0,
					of,
					"Spades/C++/DragonStone/Resources/Engine/External",
					"Libraries/SFML_Windows/32bit/lib/static-std",
				);
				PRODUCT_NAME = "$(TARGET_NAME)";
			};
			name = Release;
		};
/* End XCBuildConfiguration section */

/* Begin XCConfigurationList section */
		0C5A8AA71A44ED9200F2A676 /* Build configuration list for PBXProject "DragonStone" */ = {
			isa = XCConfigurationList;
			buildConfigurations = (
				0C5A8AC01A44ED9300F2A676 /* Debug */,
				0C5A8AC11A44ED9300F2A676 /* Release */,
			);
			defaultConfigurationIsVisible = 0;
			defaultConfigurationName = Release;
		};
		0C5A8AC21A44ED9300F2A676 /* Build configuration list for PBXNativeTarget "DragonStone" */ = {
			isa = XCConfigurationList;
			buildConfigurations = (
				0C5A8AC31A44ED9300F2A676 /* Debug */,
				0C5A8AC41A44ED9300F2A676 /* Release */,
			);
			defaultConfigurationIsVisible = 0;
			defaultConfigurationName = Release;
		};
/* End XCConfigurationList section */
	};
	rootObject = 0C5A8AA41A44ED9200F2A676 /* Project object */;
}
