// !$*UTF8*$!
{
	archiveVersion = 1;
	classes = {
	};
	objectVersion = 46;
	objects = {

/* Begin PBXBuildFile section */
		0C5535CF1A2EDFD00068F888 /* ResourcePath.mm in Sources */ = {isa = PBXBuildFile; fileRef = 0C5535CE1A2EDFD00068F888 /* ResourcePath.mm */; };
		0C5535D21A2EDFD00068F888 /* main.cpp in Sources */ = {isa = PBXBuildFile; fileRef = 0C5535D11A2EDFD00068F888 /* main.cpp */; };
		0C5535D51A2EDFD00068F888 /* cute_image.jpg in Resources */ = {isa = PBXBuildFile; fileRef = 0C5535D41A2EDFD00068F888 /* cute_image.jpg */; };
		0C5535D71A2EDFD00068F888 /* nice_music.ogg in Resources */ = {isa = PBXBuildFile; fileRef = 0C5535D61A2EDFD00068F888 /* nice_music.ogg */; };
		0C5535D91A2EDFD00068F888 /* sansation.ttf in Resources */ = {isa = PBXBuildFile; fileRef = 0C5535D81A2EDFD00068F888 /* sansation.ttf */; };
		0C5535DB1A2EDFD00068F888 /* icon.png in Resources */ = {isa = PBXBuildFile; fileRef = 0C5535DA1A2EDFD00068F888 /* icon.png */; };
		0C5535FF1A2EE60C0068F888 /* Point2D.cpp in Sources */ = {isa = PBXBuildFile; fileRef = 0C5535FD1A2EE60C0068F888 /* Point2D.cpp */; };
		0C5D22AA1A2FDD7400C8EDA1 /* Window.cpp in Sources */ = {isa = PBXBuildFile; fileRef = 0C5D22A81A2FDD7400C8EDA1 /* Window.cpp */; };
/* End PBXBuildFile section */

/* Begin PBXFileReference section */
		0C5535C91A2EDFD00068F888 /* DragonStone.app */ = {isa = PBXFileReference; explicitFileType = wrapper.application; includeInIndex = 0; path = DragonStone.app; sourceTree = BUILT_PRODUCTS_DIR; };
		0C5535CD1A2EDFD00068F888 /* DragonStone-Info.plist */ = {isa = PBXFileReference; lastKnownFileType = text.plist.xml; name = "DragonStone-Info.plist"; path = "../../Resources/Engine/Plist/DragonStone-Info.plist"; sourceTree = SOURCE_ROOT; };
		0C5535CE1A2EDFD00068F888 /* ResourcePath.mm */ = {isa = PBXFileReference; lastKnownFileType = sourcecode.cpp.objcpp; name = ResourcePath.mm; path = ../../Source/Engine/Platform/OSX/ResourcePath.mm; sourceTree = SOURCE_ROOT; };
		0C5535D01A2EDFD00068F888 /* ResourcePath.hpp */ = {isa = PBXFileReference; lastKnownFileType = sourcecode.cpp.h; name = ResourcePath.hpp; path = ../../Source/Engine/Platform/OSX/ResourcePath.hpp; sourceTree = SOURCE_ROOT; };
		0C5535D11A2EDFD00068F888 /* main.cpp */ = {isa = PBXFileReference; lastKnownFileType = sourcecode.cpp.cpp; name = main.cpp; path = ../../Source/main.cpp; sourceTree = SOURCE_ROOT; };
		0C5535D41A2EDFD00068F888 /* cute_image.jpg */ = {isa = PBXFileReference; lastKnownFileType = image.jpeg; name = cute_image.jpg; path = ../../Resources/Engine/Textures/cute_image.jpg; sourceTree = SOURCE_ROOT; };
		0C5535D61A2EDFD00068F888 /* nice_music.ogg */ = {isa = PBXFileReference; lastKnownFileType = file; name = nice_music.ogg; path = ../../Resources/Engine/Audio/nice_music.ogg; sourceTree = SOURCE_ROOT; };
		0C5535D81A2EDFD00068F888 /* sansation.ttf */ = {isa = PBXFileReference; lastKnownFileType = file; name = sansation.ttf; path = ../../Resources/Engine/Fonts/sansation.ttf; sourceTree = SOURCE_ROOT; };
		0C5535DA1A2EDFD00068F888 /* icon.png */ = {isa = PBXFileReference; lastKnownFileType = image.png; name = icon.png; path = ../../Resources/Engine/Textures/icon.png; sourceTree = SOURCE_ROOT; };
		0C5535FD1A2EE60C0068F888 /* Point2D.cpp */ = {isa = PBXFileReference; fileEncoding = 4; lastKnownFileType = sourcecode.cpp.cpp; name = Point2D.cpp; path = ../../Source/Engine/Geometry/2D/Point2D.cpp; sourceTree = SOURCE_ROOT; };
		0C5535FE1A2EE60C0068F888 /* Point2D.h */ = {isa = PBXFileReference; fileEncoding = 4; lastKnownFileType = sourcecode.c.h; name = Point2D.h; path = ../../Source/Engine/Geometry/2D/Point2D.h; sourceTree = SOURCE_ROOT; };
		0C5D22A81A2FDD7400C8EDA1 /* Window.cpp */ = {isa = PBXFileReference; fileEncoding = 4; lastKnownFileType = sourcecode.cpp.cpp; path = Window.cpp; sourceTree = "<group>"; };
		0C5D22A91A2FDD7400C8EDA1 /* Window.h */ = {isa = PBXFileReference; fileEncoding = 4; lastKnownFileType = sourcecode.c.h; path = Window.h; sourceTree = "<group>"; };
/* End PBXFileReference section */

/* Begin PBXFrameworksBuildPhase section */
		0C5535C51A2EDFD00068F888 /* Frameworks */ = {
			isa = PBXFrameworksBuildPhase;
			buildActionMask = 2147483647;
			files = (
			);
			runOnlyForDeploymentPostprocessing = 0;
		};
/* End PBXFrameworksBuildPhase section */

/* Begin PBXGroup section */
		0C5535BF1A2EDFD00068F888 = {
			isa = PBXGroup;
			children = (
				0C5535CB1A2EDFD00068F888 /* DragonStone */,
				0C5535CA1A2EDFD00068F888 /* Products */,
			);
			sourceTree = "<group>";
		};
		0C5535CA1A2EDFD00068F888 /* Products */ = {
			isa = PBXGroup;
			children = (
				0C5535C91A2EDFD00068F888 /* DragonStone.app */,
			);
			name = Products;
			sourceTree = "<group>";
		};
		0C5535CB1A2EDFD00068F888 /* DragonStone */ = {
			isa = PBXGroup;
			children = (
				0C5535EB1A2EE0C00068F888 /* Source */,
				0C5535D31A2EDFD00068F888 /* Resources */,
				0C5535CC1A2EDFD00068F888 /* Supporting Files */,
			);
			path = DragonStone;
			sourceTree = "<group>";
		};
		0C5535CC1A2EDFD00068F888 /* Supporting Files */ = {
			isa = PBXGroup;
			children = (
			);
			name = "Supporting Files";
			sourceTree = "<group>";
		};
		0C5535D31A2EDFD00068F888 /* Resources */ = {
			isa = PBXGroup;
			children = (
				0C5535E11A2EE0250068F888 /* Engine */,
				0C5535E21A2EE02F0068F888 /* Game */,
			);
			name = Resources;
			sourceTree = "<group>";
		};
		0C5535E11A2EE0250068F888 /* Engine */ = {
			isa = PBXGroup;
			children = (
				0C5535EA1A2EE0920068F888 /* Audio */,
				0C5535E91A2EE08A0068F888 /* Data */,
				0C5535E81A2EE0780068F888 /* External Libraries */,
				0C5535E71A2EE06F0068F888 /* Fonts */,
				0C5535E61A2EE0660068F888 /* Icons */,
				0C5535E51A2EE0580068F888 /* Plist */,
				0C5535E41A2EE0520068F888 /* Shaders */,
				0C5535E31A2EE0470068F888 /* Textures */,
			);
			name = Engine;
			sourceTree = "<group>";
		};
		0C5535E21A2EE02F0068F888 /* Game */ = {
			isa = PBXGroup;
			children = (
			);
			name = Game;
			sourceTree = "<group>";
		};
		0C5535E31A2EE0470068F888 /* Textures */ = {
			isa = PBXGroup;
			children = (
				0C5535DA1A2EDFD00068F888 /* icon.png */,
				0C5535D41A2EDFD00068F888 /* cute_image.jpg */,
			);
			name = Textures;
			sourceTree = "<group>";
		};
		0C5535E41A2EE0520068F888 /* Shaders */ = {
			isa = PBXGroup;
			children = (
			);
			name = Shaders;
			sourceTree = "<group>";
		};
		0C5535E51A2EE0580068F888 /* Plist */ = {
			isa = PBXGroup;
			children = (
				0C5535CD1A2EDFD00068F888 /* DragonStone-Info.plist */,
			);
			name = Plist;
			sourceTree = "<group>";
		};
		0C5535E61A2EE0660068F888 /* Icons */ = {
			isa = PBXGroup;
			children = (
			);
			name = Icons;
			sourceTree = "<group>";
		};
		0C5535E71A2EE06F0068F888 /* Fonts */ = {
			isa = PBXGroup;
			children = (
				0C5535D81A2EDFD00068F888 /* sansation.ttf */,
			);
			name = Fonts;
			sourceTree = "<group>";
		};
		0C5535E81A2EE0780068F888 /* External Libraries */ = {
			isa = PBXGroup;
			children = (
			);
			name = "External Libraries";
			sourceTree = "<group>";
		};
		0C5535E91A2EE08A0068F888 /* Data */ = {
			isa = PBXGroup;
			children = (
			);
			name = Data;
			sourceTree = "<group>";
		};
		0C5535EA1A2EE0920068F888 /* Audio */ = {
			isa = PBXGroup;
			children = (
				0C5535D61A2EDFD00068F888 /* nice_music.ogg */,
			);
			name = Audio;
			sourceTree = "<group>";
		};
		0C5535EB1A2EE0C00068F888 /* Source */ = {
			isa = PBXGroup;
			children = (
				0C5535EE1A2EE0DC0068F888 /* Engine */,
				0C5535ED1A2EE0D70068F888 /* Game */,
				0C5535EC1A2EE0CD0068F888 /* Utilities */,
				0C5535D11A2EDFD00068F888 /* main.cpp */,
			);
			name = Source;
			sourceTree = "<group>";
		};
		0C5535EC1A2EE0CD0068F888 /* Utilities */ = {
			isa = PBXGroup;
			children = (
				0C5535F21A2EE5330068F888 /* CodeProfiler */,
				0C5535F11A2EE52B0068F888 /* Debugger */,
			);
			name = Utilities;
			sourceTree = "<group>";
		};
		0C5535ED1A2EE0D70068F888 /* Game */ = {
			isa = PBXGroup;
			children = (
			);
			name = Game;
			sourceTree = "<group>";
		};
		0C5535EE1A2EE0DC0068F888 /* Engine */ = {
			isa = PBXGroup;
			children = (
				0C5D22A71A2FDD5E00C8EDA1 /* Window */,
				0C5535F41A2EE55F0068F888 /* Geometry */,
				0C5535F31A2EE5550068F888 /* AI */,
				0C5535EF1A2EE0F10068F888 /* Platform */,
			);
			name = Engine;
			sourceTree = "<group>";
		};
		0C5535EF1A2EE0F10068F888 /* Platform */ = {
			isa = PBXGroup;
			children = (
				0C5535F01A2EE0FE0068F888 /* OSX */,
			);
			name = Platform;
			sourceTree = "<group>";
		};
		0C5535F01A2EE0FE0068F888 /* OSX */ = {
			isa = PBXGroup;
			children = (
				0C5535D01A2EDFD00068F888 /* ResourcePath.hpp */,
				0C5535CE1A2EDFD00068F888 /* ResourcePath.mm */,
			);
			name = OSX;
			sourceTree = "<group>";
		};
		0C5535F11A2EE52B0068F888 /* Debugger */ = {
			isa = PBXGroup;
			children = (
			);
			name = Debugger;
			sourceTree = "<group>";
		};
		0C5535F21A2EE5330068F888 /* CodeProfiler */ = {
			isa = PBXGroup;
			children = (
			);
			name = CodeProfiler;
			sourceTree = "<group>";
		};
		0C5535F31A2EE5550068F888 /* AI */ = {
			isa = PBXGroup;
			children = (
			);
			name = AI;
			sourceTree = "<group>";
		};
		0C5535F41A2EE55F0068F888 /* Geometry */ = {
			isa = PBXGroup;
			children = (
				0C5535F51A2EE5680068F888 /* 2D */,
				0C5535F61A2EE56F0068F888 /* 3D */,
			);
			name = Geometry;
			sourceTree = "<group>";
		};
		0C5535F51A2EE5680068F888 /* 2D */ = {
			isa = PBXGroup;
			children = (
				0C5535FD1A2EE60C0068F888 /* Point2D.cpp */,
				0C5535FE1A2EE60C0068F888 /* Point2D.h */,
			);
			name = 2D;
			path = ../../Source/Engine/Geometry/2D;
			sourceTree = SOURCE_ROOT;
		};
		0C5535F61A2EE56F0068F888 /* 3D */ = {
			isa = PBXGroup;
			children = (
			);
			name = 3D;
			sourceTree = "<group>";
		};
		0C5D22A71A2FDD5E00C8EDA1 /* Window */ = {
			isa = PBXGroup;
			children = (
				0C5D22A81A2FDD7400C8EDA1 /* Window.cpp */,
				0C5D22A91A2FDD7400C8EDA1 /* Window.h */,
			);
			name = Window;
			path = ../../Source/Engine/Window;
			sourceTree = SOURCE_ROOT;
		};
/* End PBXGroup section */

/* Begin PBXNativeTarget section */
		0C5535C81A2EDFD00068F888 /* DragonStone */ = {
			isa = PBXNativeTarget;
			buildConfigurationList = 0C5535DE1A2EDFD00068F888 /* Build configuration list for PBXNativeTarget "DragonStone" */;
			buildPhases = (
				0C5535C41A2EDFD00068F888 /* Sources */,
				0C5535C51A2EDFD00068F888 /* Frameworks */,
				0C5535C61A2EDFD00068F888 /* Resources */,
				0C5535C71A2EDFD00068F888 /* ShellScript */,
			);
			buildRules = (
			);
			dependencies = (
			);
			name = DragonStone;
			productName = DragonStone;
			productReference = 0C5535C91A2EDFD00068F888 /* DragonStone.app */;
			productType = "com.apple.product-type.application";
		};
/* End PBXNativeTarget section */

/* Begin PBXProject section */
		0C5535C01A2EDFD00068F888 /* Project object */ = {
			isa = PBXProject;
			attributes = {
				LastUpgradeCheck = 0610;
				ORGANIZATIONNAME = "Redacted Games";
				TargetAttributes = {
					0C5535C81A2EDFD00068F888 = {
						CreatedOnToolsVersion = 6.1.1;
					};
				};
			};
			buildConfigurationList = 0C5535C31A2EDFD00068F888 /* Build configuration list for PBXProject "DragonStone" */;
			compatibilityVersion = "Xcode 3.2";
			developmentRegion = English;
			hasScannedForEncodings = 0;
			knownRegions = (
				en,
			);
			mainGroup = 0C5535BF1A2EDFD00068F888;
			productRefGroup = 0C5535CA1A2EDFD00068F888 /* Products */;
			projectDirPath = "";
			projectRoot = "";
			targets = (
				0C5535C81A2EDFD00068F888 /* DragonStone */,
			);
		};
/* End PBXProject section */

/* Begin PBXResourcesBuildPhase section */
		0C5535C61A2EDFD00068F888 /* Resources */ = {
			isa = PBXResourcesBuildPhase;
			buildActionMask = 2147483647;
			files = (
				0C5535DB1A2EDFD00068F888 /* icon.png in Resources */,
				0C5535D91A2EDFD00068F888 /* sansation.ttf in Resources */,
				0C5535D71A2EDFD00068F888 /* nice_music.ogg in Resources */,
				0C5535D51A2EDFD00068F888 /* cute_image.jpg in Resources */,
			);
			runOnlyForDeploymentPostprocessing = 0;
		};
/* End PBXResourcesBuildPhase section */

/* Begin PBXShellScriptBuildPhase section */
		0C5535C71A2EDFD00068F888 /* ShellScript */ = {
			isa = PBXShellScriptBuildPhase;
			buildActionMask = 2147483647;
			files = (
			);
			inputPaths = (
			);
			outputPaths = (
			);
			runOnlyForDeploymentPostprocessing = 0;
			shellPath = /bin/sh;
			shellScript = "# This shell script simply copies required sfml dylibs/frameworks into the application bundle frameworks folder.\n# If you're using static libraries (which is not recommended) you should remove this script from your project.\n\n# Are we building a project that uses framework or dylibs ?\ncase \"$SFML_BINARY_TYPE\" in\n    DYLIBS)\n        frameworks=\"false\"\n        ;;\n    *)\n        frameworks=\"true\"\n        ;;\nesac\n\n# Echoes to stderr\nerror () # $* message to display\n{\n    echo $* 1>&2\n    exit 2\n}\n\nassert () # $1 is a boolean, $2...N is an error message\n{\n    if [ $# -lt 2 ]\n    then\n        error \"Internal error in assert : not enough args\"\n    fi\n\n    if [ $1 -ne 0 ]\n    then\n        shift\n        error \"$*\"\n    fi\n}\n\nforce_remove () # $1 is a path\n{\n    test $# -eq 1\n    assert $? \"force_remove() requires one parameter\"\n    rm -fr \"$1\"\n    assert $? \"couldn't remove $1\"\n}\n\ncopy () # $1 is a source, $2 is a destination\n{\n    test $# -eq 2\n    assert $? \"copy() requires two parameters\"\n    ditto \"$1\" \"$2\"\n    assert $? \"couldn't copy $1 to $2\"\n}\n\nrequire () # $1 is a SFML module like 'system' or 'audio'\n{\n    dest=\"$BUILT_PRODUCTS_DIR/$PRODUCT_NAME.app/Contents/Frameworks\"\n\n    if [ -z \"$1\" ]\n    then\n        error \"require() requires one parameter!\"\n    else\n        # clean potentially old stuff\n        force_remove \"$dest/libsfml-$1.2.dylib\"\n        force_remove \"$dest/libsfml-$1-d.2.dylib\"\n        force_remove \"$dest/sfml-$1.framework\"\n\n        # copy SFML libraries\n        if [ \"$frameworks\" = \"true\" ]\n        then\n            copy \"/Library/Frameworks/sfml-$1.framework\" \"$dest/sfml-$1.framework\"\n        elif [ \"$SFML_LINK_DYLIBS_SUFFIX\" = \"-d\" ]\n        then\n            copy \"/usr/local/lib/libsfml-$1-d.2.dylib\" \"$dest/libsfml-$1-d.2.dylib\"\n        else\n            copy \"/usr/local/lib/libsfml-$1.2.dylib\" \"$dest/libsfml-$1.2.dylib\"\n        fi\n\n        if [ \"$1\" = \"audio\" ]\n        then\n            # copy sndfile framework too\n            copy \"/Library/Frameworks/sndfile.framework\" \"$dest/sndfile.framework\"\n        fi\n\n        if [ \"$1\" = \"graphics\" ]\n        then\n            # copy freetype framework too\n            copy \"/Library/Frameworks/freetype.framework\" \"$dest/freetype.framework\"\n        fi\n    fi\n}\n\nif [ -n \"$SFML_SYSTEM\" ]\nthen\n    require \"system\"\nfi\n\nif [ -n \"$SFML_AUDIO\" ]\nthen\n    require \"audio\"\nfi\n\nif [ -n \"$SFML_NETWORK\" ]\nthen\n    require \"network\"\nfi\n\nif [ -n \"$SFML_WINDOW\" ]\nthen\n    require \"window\"\nfi\n\nif [ -n \"$SFML_GRAPHICS\" ]\nthen\n    require \"graphics\"\nfi\n\n                ";
		};
/* End PBXShellScriptBuildPhase section */

/* Begin PBXSourcesBuildPhase section */
		0C5535C41A2EDFD00068F888 /* Sources */ = {
			isa = PBXSourcesBuildPhase;
			buildActionMask = 2147483647;
			files = (
				0C5535D21A2EDFD00068F888 /* main.cpp in Sources */,
				0C5535CF1A2EDFD00068F888 /* ResourcePath.mm in Sources */,
				0C5535FF1A2EE60C0068F888 /* Point2D.cpp in Sources */,
				0C5D22AA1A2FDD7400C8EDA1 /* Window.cpp in Sources */,
			);
			runOnlyForDeploymentPostprocessing = 0;
		};
/* End PBXSourcesBuildPhase section */

/* Begin XCBuildConfiguration section */
		0C5535DC1A2EDFD00068F888 /* Debug */ = {
			isa = XCBuildConfiguration;
			buildSettings = {
				ARCHS = "$(ARCHS_STANDARD_32_64_BIT)";
				CLANG_CXX_LANGUAGE_STANDARD = "c++0x";
				CLANG_CXX_LIBRARY = "libc++";
				CLANG_WARN_EMPTY_BODY = YES;
				CLANG_WARN__DUPLICATE_METHOD_MATCH = YES;
				FRAMEWORK_SEARCH_PATHS = (
					/Library/Frameworks/,
					"$(inherited)",
				);
				GCC_OPTIMIZATION_LEVEL = 0;
				GCC_PREPROCESSOR_DEFINITIONS = (
					"DEBUG=1",
					"$(inherited)",
				);
				GCC_VERSION = com.apple.compilers.llvm.clang.1_0;
				GCC_WARN_ABOUT_RETURN_TYPE = YES;
				GCC_WARN_UNINITIALIZED_AUTOS = YES;
				GCC_WARN_UNUSED_VARIABLE = YES;
				HEADER_SEARCH_PATHS = (
					/usr/local/include/,
					"$(inherited)",
				);
				LIBRARY_SEARCH_PATHS = (
					/usr/local/lib/,
					"$(inherited)",
				);
				ONLY_ACTIVE_ARCH = NO;
				OTHER_LDFLAGS = (
					"$(inherited)",
					"$(SFML_SYSTEM)",
					"$(SFML_WINDOW)",
					"$(SFML_GRAPHICS)",
					"$(SFML_AUDIO)",
					"$(SFML_NETWORK)",
				);
				SFML_AUDIO = "$(SFML_LINK_PREFIX) sfml-audio$(SFML_LINK_SUFFIX)";
				SFML_BINARY_TYPE = FRAMEWORKS;
				SFML_GRAPHICS = "$(SFML_LINK_PREFIX) sfml-graphics$(SFML_LINK_SUFFIX)";
				SFML_LINK_DYLIBS_PREFIX = "-l";
				SFML_LINK_DYLIBS_SUFFIX = "";
				SFML_LINK_FRAMEWORKS_PREFIX = "-framework";
				SFML_LINK_FRAMEWORKS_SUFFIX = "";
				SFML_LINK_PREFIX = "$(SFML_LINK_$(SFML_BINARY_TYPE)_PREFIX)";
				SFML_LINK_SUFFIX = "$(SFML_LINK_$(SFML_BINARY_TYPE)_SUFFIX)";
				SFML_NETWORK = "$(SFML_LINK_PREFIX) sfml-network$(SFML_LINK_SUFFIX)";
				SFML_SYSTEM = "$(SFML_LINK_PREFIX) sfml-system$(SFML_LINK_SUFFIX)";
				SFML_WINDOW = "$(SFML_LINK_PREFIX) sfml-window$(SFML_LINK_SUFFIX)";
				SUPPORTED_PLATFORMS = macosx;
			};
			name = Debug;
		};
		0C5535DD1A2EDFD00068F888 /* Release */ = {
			isa = XCBuildConfiguration;
			buildSettings = {
				ARCHS = "$(ARCHS_STANDARD_32_64_BIT)";
				CLANG_CXX_LANGUAGE_STANDARD = "c++0x";
				CLANG_CXX_LIBRARY = "libc++";
				CLANG_WARN_EMPTY_BODY = YES;
				CLANG_WARN__DUPLICATE_METHOD_MATCH = YES;
				COPY_PHASE_STRIP = YES;
				FRAMEWORK_SEARCH_PATHS = (
					/Library/Frameworks/,
					"$(inherited)",
				);
				GCC_VERSION = com.apple.compilers.llvm.clang.1_0;
				GCC_WARN_ABOUT_RETURN_TYPE = YES;
				GCC_WARN_UNINITIALIZED_AUTOS = YES;
				GCC_WARN_UNUSED_VARIABLE = YES;
				HEADER_SEARCH_PATHS = (
					/usr/local/include/,
					"$(inherited)",
				);
				LIBRARY_SEARCH_PATHS = (
					/usr/local/lib/,
					"$(inherited)",
				);
				ONLY_ACTIVE_ARCH = NO;
				OTHER_LDFLAGS = (
					"$(inherited)",
					"$(SFML_SYSTEM)",
					"$(SFML_WINDOW)",
					"$(SFML_GRAPHICS)",
					"$(SFML_AUDIO)",
					"$(SFML_NETWORK)",
				);
				SFML_AUDIO = "$(SFML_LINK_PREFIX) sfml-audio$(SFML_LINK_SUFFIX)";
				SFML_BINARY_TYPE = FRAMEWORKS;
				SFML_GRAPHICS = "$(SFML_LINK_PREFIX) sfml-graphics$(SFML_LINK_SUFFIX)";
				SFML_LINK_DYLIBS_PREFIX = "-l";
				SFML_LINK_DYLIBS_SUFFIX = "";
				SFML_LINK_FRAMEWORKS_PREFIX = "-framework";
				SFML_LINK_FRAMEWORKS_SUFFIX = "";
				SFML_LINK_PREFIX = "$(SFML_LINK_$(SFML_BINARY_TYPE)_PREFIX)";
				SFML_LINK_SUFFIX = "$(SFML_LINK_$(SFML_BINARY_TYPE)_SUFFIX)";
				SFML_NETWORK = "$(SFML_LINK_PREFIX) sfml-network$(SFML_LINK_SUFFIX)";
				SFML_SYSTEM = "$(SFML_LINK_PREFIX) sfml-system$(SFML_LINK_SUFFIX)";
				SFML_WINDOW = "$(SFML_LINK_PREFIX) sfml-window$(SFML_LINK_SUFFIX)";
				SUPPORTED_PLATFORMS = macosx;
			};
			name = Release;
		};
		0C5535DF1A2EDFD00068F888 /* Debug */ = {
			isa = XCBuildConfiguration;
			buildSettings = {
				INFOPLIST_FILE = "../../Resources/Engine/Plist/DragonStone-Info.plist";
				PRODUCT_NAME = "$(TARGET_NAME)";
			};
			name = Debug;
		};
		0C5535E01A2EDFD00068F888 /* Release */ = {
			isa = XCBuildConfiguration;
			buildSettings = {
				INFOPLIST_FILE = "../../Resources/Engine/Plist/DragonStone-Info.plist";
				PRODUCT_NAME = "$(TARGET_NAME)";
			};
			name = Release;
		};
/* End XCBuildConfiguration section */

/* Begin XCConfigurationList section */
		0C5535C31A2EDFD00068F888 /* Build configuration list for PBXProject "DragonStone" */ = {
			isa = XCConfigurationList;
			buildConfigurations = (
				0C5535DC1A2EDFD00068F888 /* Debug */,
				0C5535DD1A2EDFD00068F888 /* Release */,
			);
			defaultConfigurationIsVisible = 0;
			defaultConfigurationName = Release;
		};
		0C5535DE1A2EDFD00068F888 /* Build configuration list for PBXNativeTarget "DragonStone" */ = {
			isa = XCConfigurationList;
			buildConfigurations = (
				0C5535DF1A2EDFD00068F888 /* Debug */,
				0C5535E01A2EDFD00068F888 /* Release */,
			);
			defaultConfigurationIsVisible = 0;
			defaultConfigurationName = Release;
		};
/* End XCConfigurationList section */
	};
	rootObject = 0C5535C01A2EDFD00068F888 /* Project object */;
}
